[root]
name = "sdcv"
version = "0.1.0"
dependencies = [
 "byteorder 0.5.3 (registry+https://github.com/rust-lang/crates.io-index)",
 "flate2 0.2.14 (registry+https://github.com/rust-lang/crates.io-index)",
 "getopts 0.2.14 (registry+https://github.com/rust-lang/crates.io-index)",
 "gettext 0.2.0 (registry+https://github.com/rust-lang/crates.io-index)",
 "libc 0.2.14 (registry+https://github.com/rust-lang/crates.io-index)",
 "rust-ini 0.9.5 (registry+https://github.com/rust-lang/crates.io-index)",
]

[[package]]
name = "byteorder"
version = "0.4.2"
source = "registry+https://github.com/rust-lang/crates.io-index"

[[package]]
name = "byteorder"
version = "0.5.3"
source = "registry+https://github.com/rust-lang/crates.io-index"

[[package]]
name = "encoding"
version = "0.2.32"
source = "registry+https://github.com/rust-lang/crates.io-index"
dependencies = [
 "encoding-index-japanese 1.20141219.5 (registry+https://github.com/rust-lang/crates.io-index)",
 "encoding-index-korean 1.20141219.5 (registry+https://github.com/rust-lang/crates.io-index)",
 "encoding-index-simpchinese 1.20141219.5 (registry+https://github.com/rust-lang/crates.io-index)",
 "encoding-index-singlebyte 1.20141219.5 (registry+https://github.com/rust-lang/crates.io-index)",
 "encoding-index-tradchinese 1.20141219.5 (registry+https://github.com/rust-lang/crates.io-index)",
]

[[package]]
name = "encoding-index-japanese"
version = "1.20141219.5"
source = "registry+https://github.com/rust-lang/crates.io-index"
dependencies = [
 "encoding_index_tests 0.1.4 (registry+https://github.com/rust-lang/crates.io-index)",
]

[[package]]
name = "encoding-index-korean"
version = "1.20141219.5"
source = "registry+https://github.com/rust-lang/crates.io-index"
dependencies = [
 "encoding_index_tests 0.1.4 (registry+https://github.com/rust-lang/crates.io-index)",
]

[[package]]
name = "encoding-index-simpchinese"
version = "1.20141219.5"
source = "registry+https://github.com/rust-lang/crates.io-index"
dependencies = [
 "encoding_index_tests 0.1.4 (registry+https://github.com/rust-lang/crates.io-index)",
]

[[package]]
name = "encoding-index-singlebyte"
version = "1.20141219.5"
source = "registry+https://github.com/rust-lang/crates.io-index"
dependencies = [
 "encoding_index_tests 0.1.4 (registry+https://github.com/rust-lang/crates.io-index)",
]

[[package]]
name = "encoding-index-tradchinese"
version = "1.20141219.5"
source = "registry+https://github.com/rust-lang/crates.io-index"
dependencies = [
 "encoding_index_tests 0.1.4 (registry+https://github.com/rust-lang/crates.io-index)",
]

[[package]]
name = "encoding_index_tests"
version = "0.1.4"
source = "registry+https://github.com/rust-lang/crates.io-index"

[[package]]
name = "flate2"
version = "0.2.14"
source = "registry+https://github.com/rust-lang/crates.io-index"
dependencies = [
 "libc 0.2.14 (registry+https://github.com/rust-lang/crates.io-index)",
 "miniz-sys 0.1.7 (registry+https://github.com/rust-lang/crates.io-index)",
]

[[package]]
name = "gcc"
version = "0.3.28"
source = "registry+https://github.com/rust-lang/crates.io-index"

[[package]]
name = "getopts"
version = "0.2.14"
source = "registry+https://github.com/rust-lang/crates.io-index"

[[package]]
name = "gettext"
version = "0.2.0"
source = "registry+https://github.com/rust-lang/crates.io-index"
dependencies = [
 "byteorder 0.4.2 (registry+https://github.com/rust-lang/crates.io-index)",
 "encoding 0.2.32 (registry+https://github.com/rust-lang/crates.io-index)",
]

[[package]]
name = "libc"
version = "0.2.14"
source = "registry+https://github.com/rust-lang/crates.io-index"

[[package]]
name = "log"
version = "0.3.6"
source = "registry+https://github.com/rust-lang/crates.io-index"

[[package]]
name = "miniz-sys"
version = "0.1.7"
source = "registry+https://github.com/rust-lang/crates.io-index"
dependencies = [
 "gcc 0.3.28 (registry+https://github.com/rust-lang/crates.io-index)",
 "libc 0.2.14 (registry+https://github.com/rust-lang/crates.io-index)",
]

[[package]]
name = "rust-ini"
version = "0.9.5"
source = "registry+https://github.com/rust-lang/crates.io-index"
dependencies = [
 "log 0.3.6 (registry+https://github.com/rust-lang/crates.io-index)",
]

